
Microsoft Visual Studio Solution File, Format Version 12.00
# Visual Studio Version 16
VisualStudioVersion = 16.0.29806.167
MinimumVisualStudioVersion = 10.0.40219.1
Project("{9A19103F-16F7-4668-BE54-9A1E7A4F7556}") = "CountriesEnquiryApp.API", "CountriesEnquiryApp.API\CountriesEnquiryApp.API.csproj", "{985D978C-6CC9-46C2-8C64-56C188987E89}"
EndProject
Project("{9A19103F-16F7-4668-BE54-9A1E7A4F7556}") = "CountriesEnquiryApp.BAL", "CountriesEnquiryApp.BAL\CountriesEnquiryApp.BAL.csproj", "{593EAE00-BE86-4354-A537-83E564C1E980}"
EndProject
Project("{9A19103F-16F7-4668-BE54-9A1E7A4F7556}") = "CountriesEnquiryApp.DAL", "CountriesEnquiryApp.DAL\CountriesEnquiryApp.DAL.csproj", "{186DA908-6327-4305-B471-D2B8B242A514}"
EndProject
Project("{9A19103F-16F7-4668-BE54-9A1E7A4F7556}") = "CountriesEnquiryApp.Common", "CountriesEnquiryApp.Common\CountriesEnquiryApp.Common.csproj", "{8A0C4CD6-4FE1-437A-A105-F8C7EE971242}"
EndProject
Project("{FAE04EC0-301F-11D3-BF4B-00C04F79EFBC}") = "CountriesEnquiryApp.Messaging", "CountriesEnquiryApp.Messaging\CountriesEnquiryApp.Messaging.csproj", "{366FF236-434B-4BF5-B1BC-923E88F6AC64}"
EndProject
Global
	GlobalSection(SolutionConfigurationPlatforms) = preSolution
		Debug|Any CPU = Debug|Any CPU
		Release|Any CPU = Release|Any CPU
	EndGlobalSection
	GlobalSection(ProjectConfigurationPlatforms) = postSolution
		{985D978C-6CC9-46C2-8C64-56C188987E89}.Debug|Any CPU.ActiveCfg = Debug|Any CPU
		{985D978C-6CC9-46C2-8C64-56C188987E89}.Debug|Any CPU.Build.0 = Debug|Any CPU
		{985D978C-6CC9-46C2-8C64-56C188987E89}.Release|Any CPU.ActiveCfg = Release|Any CPU
		{985D978C-6CC9-46C2-8C64-56C188987E89}.Release|Any CPU.Build.0 = Release|Any CPU
		{593EAE00-BE86-4354-A537-83E564C1E980}.Debug|Any CPU.ActiveCfg = Debug|Any CPU
		{593EAE00-BE86-4354-A537-83E564C1E980}.Debug|Any CPU.Build.0 = Debug|Any CPU
		{593EAE00-BE86-4354-A537-83E564C1E980}.Release|Any CPU.ActiveCfg = Release|Any CPU
		{593EAE00-BE86-4354-A537-83E564C1E980}.Release|Any CPU.Build.0 = Release|Any CPU
		{186DA908-6327-4305-B471-D2B8B242A514}.Debug|Any CPU.ActiveCfg = Debug|Any CPU
		{186DA908-6327-4305-B471-D2B8B242A514}.Debug|Any CPU.Build.0 = Debug|Any CPU
		{186DA908-6327-4305-B471-D2B8B242A514}.Release|Any CPU.ActiveCfg = Release|Any CPU
		{186DA908-6327-4305-B471-D2B8B242A514}.Release|Any CPU.Build.0 = Release|Any CPU
		{8A0C4CD6-4FE1-437A-A105-F8C7EE971242}.Debug|Any CPU.ActiveCfg = Debug|Any CPU
		{8A0C4CD6-4FE1-437A-A105-F8C7EE971242}.Debug|Any CPU.Build.0 = Debug|Any CPU
		{8A0C4CD6-4FE1-437A-A105-F8C7EE971242}.Release|Any CPU.ActiveCfg = Release|Any CPU
		{8A0C4CD6-4FE1-437A-A105-F8C7EE971242}.Release|Any CPU.Build.0 = Release|Any CPU
		{366FF236-434B-4BF5-B1BC-923E88F6AC64}.Debug|Any CPU.ActiveCfg = Debug|Any CPU
		{366FF236-434B-4BF5-B1BC-923E88F6AC64}.Debug|Any CPU.Build.0 = Debug|Any CPU
		{366FF236-434B-4BF5-B1BC-923E88F6AC64}.Release|Any CPU.ActiveCfg = Release|Any CPU
		{366FF236-434B-4BF5-B1BC-923E88F6AC64}.Release|Any CPU.Build.0 = Release|Any CPU
	EndGlobalSection
	GlobalSection(SolutionProperties) = preSolution
		HideSolutionNode = FALSE
	EndGlobalSection
	GlobalSection(ExtensibilityGlobals) = postSolution
		SolutionGuid = {703C556F-ACE8-44FB-ACB6-2FD354DDF89F}
	EndGlobalSection
EndGlobal
